
Microsoft Visual Studio Solution File, Format Version 12.00
# Visual Studio Version 17
VisualStudioVersion = 17.6.33801.468
MinimumVisualStudioVersion = 10.0.40219.1
Project("{FAE04EC0-301F-11D3-BF4B-00C04F79EFBC}") = "MovieAI", "MovieAI\MovieAI.csproj", "{0FD23860-A41A-4332-946C-D130D6E72D5C}"
EndProject
Global
	GlobalSection(SolutionConfigurationPlatforms) = preSolution
		Debug|Any CPU = Debug|Any CPU
		Release|Any CPU = Release|Any CPU
	EndGlobalSection
	GlobalSection(ProjectConfigurationPlatforms) = postSolution
		{0FD23860-A41A-4332-946C-D130D6E72D5C}.Debug|Any CPU.ActiveCfg = Debug|Any CPU
		{0FD23860-A41A-4332-946C-D130D6E72D5C}.Debug|Any CPU.Build.0 = Debug|Any CPU
		{0FD23860-A41A-4332-946C-D130D6E72D5C}.Release|Any CPU.ActiveCfg = Release|Any CPU
		{0FD23860-A41A-4332-946C-D130D6E72D5C}.Release|Any CPU.Build.0 = Release|Any CPU
	EndGlobalSection
	GlobalSection(SolutionProperties) = preSolution
		HideSolutionNode = FALSE
	EndGlobalSection
	GlobalSection(ExtensibilityGlobals) = postSolution
		SolutionGuid = {4E1A96AD-4EBC-4C79-9528-3C165F94A8F2}
	EndGlobalSection
EndGlobal
